{
  "name": "pagium2",
  "version": "1.0.0",
  "lockfileVersion": 1,
  "requires": true,
  "dependencies": {
    "alphabetjs": {
      "version": "0.1.4",
      "resolved": "http://registry.npm.taobao.org/alphabetjs/download/alphabetjs-0.1.4.tgz",
      "integrity": "sha1-aF4Gtj8XIgzmYQ+uLV7mG55ZKls="
    },
    "colors": {
      "version": "1.2.4",
      "resolved": "http://registry.npm.taobao.org/colors/download/colors-1.2.4.tgz",
      "integrity": "sha1-4MtB0+SyCAazv8J/RVnwG5S8L3w="
    },
    "commander": {
      "version": "2.15.1",
      "resolved": "http://registry.npm.taobao.org/commander/download/commander-2.15.1.tgz",
      "integrity": "sha1-30boZ9D8Kuxmo0ZitAapzK//Ww8="
    }
  }
}
